// !$*UTF8*$!
{
	archiveVersion = 1;
	classes = {
	};
	objectVersion = 56;
	objects = {

/* Begin PBXBuildFile section */
		B18AD7BD2A15F99900AF9FF4 /* AppDelegate.swift in Sources */ = {isa = PBXBuildFile; fileRef = B18AD7BC2A15F99900AF9FF4 /* AppDelegate.swift */; };
		B18AD7BF2A15F99900AF9FF4 /* SceneDelegate.swift in Sources */ = {isa = PBXBuildFile; fileRef = B18AD7BE2A15F99900AF9FF4 /* SceneDelegate.swift */; };
		B18AD7C42A15F99900AF9FF4 /* Main.storyboard in Resources */ = {isa = PBXBuildFile; fileRef = B18AD7C22A15F99900AF9FF4 /* Main.storyboard */; };
		B18AD7C62A15F99B00AF9FF4 /* Assets.xcassets in Resources */ = {isa = PBXBuildFile; fileRef = B18AD7C52A15F99B00AF9FF4 /* Assets.xcassets */; };
		B18AD7C92A15F99B00AF9FF4 /* LaunchScreen.storyboard in Resources */ = {isa = PBXBuildFile; fileRef = B18AD7C72A15F99B00AF9FF4 /* LaunchScreen.storyboard */; };
		B18AD7D62A160BAC00AF9FF4 /* ProductViewCell.swift in Sources */ = {isa = PBXBuildFile; fileRef = B18AD7D42A160BAC00AF9FF4 /* ProductViewCell.swift */; };
		B18AD7D72A160BAC00AF9FF4 /* ProductViewCell.xib in Resources */ = {isa = PBXBuildFile; fileRef = B18AD7D52A160BAC00AF9FF4 /* ProductViewCell.xib */; };
		B18AD7D92A1614D800AF9FF4 /* ProductsViewController.swift in Sources */ = {isa = PBXBuildFile; fileRef = B18AD7D82A1614D800AF9FF4 /* ProductsViewController.swift */; };
		B18AD7DB2A16307F00AF9FF4 /* Product.swift in Sources */ = {isa = PBXBuildFile; fileRef = B18AD7DA2A16307F00AF9FF4 /* Product.swift */; };
		B18AD7E22A17F26100AF9FF4 /* SubscriptionViewController.swift in Sources */ = {isa = PBXBuildFile; fileRef = B18AD7E12A17F26100AF9FF4 /* SubscriptionViewController.swift */; };
		B18AD7E72A17F2C600AF9FF4 /* CartItemViewCell.swift in Sources */ = {isa = PBXBuildFile; fileRef = B18AD7E52A17F2C600AF9FF4 /* CartItemViewCell.swift */; };
		B18AD7E82A17F2C600AF9FF4 /* CartItemViewCell.xib in Resources */ = {isa = PBXBuildFile; fileRef = B18AD7E62A17F2C600AF9FF4 /* CartItemViewCell.xib */; };
		B18AD80E2A1BCB7000AF9FF4 /* CartViewController.swift in Sources */ = {isa = PBXBuildFile; fileRef = B18AD80D2A1BCB7000AF9FF4 /* CartViewController.swift */; };
		B18AD8102A1BDB3500AF9FF4 /* ProductCellDelegate.swift in Sources */ = {isa = PBXBuildFile; fileRef = B18AD80F2A1BDB3500AF9FF4 /* ProductCellDelegate.swift */; };
		B18AD8122A1BF7CD00AF9FF4 /* CartItemCellDelegate.swift in Sources */ = {isa = PBXBuildFile; fileRef = B18AD8112A1BF7CD00AF9FF4 /* CartItemCellDelegate.swift */; };
		B18AD8142A1BFC6500AF9FF4 /* ProductDelegate.swift in Sources */ = {isa = PBXBuildFile; fileRef = B18AD8132A1BFC6500AF9FF4 /* ProductDelegate.swift */; };
/* End PBXBuildFile section */

/* Begin PBXFileReference section */
		B18AD7B92A15F99900AF9FF4 /* ShopSubscription.app */ = {isa = PBXFileReference; explicitFileType = wrapper.application; includeInIndex = 0; path = ShopSubscription.app; sourceTree = BUILT_PRODUCTS_DIR; };
		B18AD7BC2A15F99900AF9FF4 /* AppDelegate.swift */ = {isa = PBXFileReference; lastKnownFileType = sourcecode.swift; path = AppDelegate.swift; sourceTree = "<group>"; };
		B18AD7BE2A15F99900AF9FF4 /* SceneDelegate.swift */ = {isa = PBXFileReference; lastKnownFileType = sourcecode.swift; path = SceneDelegate.swift; sourceTree = "<group>"; };
		B18AD7C32A15F99900AF9FF4 /* Base */ = {isa = PBXFileReference; lastKnownFileType = file.storyboard; name = Base; path = Base.lproj/Main.storyboard; sourceTree = "<group>"; };
		B18AD7C52A15F99B00AF9FF4 /* Assets.xcassets */ = {isa = PBXFileReference; lastKnownFileType = folder.assetcatalog; path = Assets.xcassets; sourceTree = "<group>"; };
		B18AD7C82A15F99B00AF9FF4 /* Base */ = {isa = PBXFileReference; lastKnownFileType = file.storyboard; name = Base; path = Base.lproj/LaunchScreen.storyboard; sourceTree = "<group>"; };
		B18AD7CA2A15F99B00AF9FF4 /* Info.plist */ = {isa = PBXFileReference; lastKnownFileType = text.plist.xml; path = Info.plist; sourceTree = "<group>"; };
		B18AD7D42A160BAC00AF9FF4 /* ProductViewCell.swift */ = {isa = PBXFileReference; lastKnownFileType = sourcecode.swift; path = ProductViewCell.swift; sourceTree = "<group>"; };
		B18AD7D52A160BAC00AF9FF4 /* ProductViewCell.xib */ = {isa = PBXFileReference; lastKnownFileType = file.xib; path = ProductViewCell.xib; sourceTree = "<group>"; };
		B18AD7D82A1614D800AF9FF4 /* ProductsViewController.swift */ = {isa = PBXFileReference; lastKnownFileType = sourcecode.swift; path = ProductsViewController.swift; sourceTree = "<group>"; };
		B18AD7DA2A16307F00AF9FF4 /* Product.swift */ = {isa = PBXFileReference; lastKnownFileType = sourcecode.swift; path = Product.swift; sourceTree = "<group>"; };
		B18AD7E12A17F26100AF9FF4 /* SubscriptionViewController.swift */ = {isa = PBXFileReference; lastKnownFileType = sourcecode.swift; path = SubscriptionViewController.swift; sourceTree = "<group>"; };
		B18AD7E52A17F2C600AF9FF4 /* CartItemViewCell.swift */ = {isa = PBXFileReference; lastKnownFileType = sourcecode.swift; path = CartItemViewCell.swift; sourceTree = "<group>"; };
		B18AD7E62A17F2C600AF9FF4 /* CartItemViewCell.xib */ = {isa = PBXFileReference; lastKnownFileType = file.xib; path = CartItemViewCell.xib; sourceTree = "<group>"; };
		B18AD80D2A1BCB7000AF9FF4 /* CartViewController.swift */ = {isa = PBXFileReference; lastKnownFileType = sourcecode.swift; path = CartViewController.swift; sourceTree = "<group>"; };
		B18AD80F2A1BDB3500AF9FF4 /* ProductCellDelegate.swift */ = {isa = PBXFileReference; lastKnownFileType = sourcecode.swift; path = ProductCellDelegate.swift; sourceTree = "<group>"; };
		B18AD8112A1BF7CD00AF9FF4 /* CartItemCellDelegate.swift */ = {isa = PBXFileReference; lastKnownFileType = sourcecode.swift; path = CartItemCellDelegate.swift; sourceTree = "<group>"; };
		B18AD8132A1BFC6500AF9FF4 /* ProductDelegate.swift */ = {isa = PBXFileReference; lastKnownFileType = sourcecode.swift; path = ProductDelegate.swift; sourceTree = "<group>"; };
/* End PBXFileReference section */

/* Begin PBXFrameworksBuildPhase section */
		B18AD7B62A15F99900AF9FF4 /* Frameworks */ = {
			isa = PBXFrameworksBuildPhase;
			buildActionMask = 2147483647;
			files = (
			);
			runOnlyForDeploymentPostprocessing = 0;
		};
/* End PBXFrameworksBuildPhase section */

/* Begin PBXGroup section */
		B18AD7B02A15F99800AF9FF4 = {
			isa = PBXGroup;
			children = (
				B18AD7BB2A15F99900AF9FF4 /* ShopSubscription */,
				B18AD7BA2A15F99900AF9FF4 /* Products */,
			);
			sourceTree = "<group>";
		};
		B18AD7BA2A15F99900AF9FF4 /* Products */ = {
			isa = PBXGroup;
			children = (
				B18AD7B92A15F99900AF9FF4 /* ShopSubscription.app */,
			);
			name = Products;
			sourceTree = "<group>";
		};
		B18AD7BB2A15F99900AF9FF4 /* ShopSubscription */ = {
			isa = PBXGroup;
			children = (
				B18AD7DE2A16312300AF9FF4 /* Model */,
				B18AD7DD2A16311200AF9FF4 /* View */,
				B18AD7DC2A16310100AF9FF4 /* Controller */,
				B18AD7BC2A15F99900AF9FF4 /* AppDelegate.swift */,
				B18AD7BE2A15F99900AF9FF4 /* SceneDelegate.swift */,
				B18AD7C52A15F99B00AF9FF4 /* Assets.xcassets */,
				B18AD7C72A15F99B00AF9FF4 /* LaunchScreen.storyboard */,
				B18AD7CA2A15F99B00AF9FF4 /* Info.plist */,
				B18AD80F2A1BDB3500AF9FF4 /* ProductCellDelegate.swift */,
				B18AD8112A1BF7CD00AF9FF4 /* CartItemCellDelegate.swift */,
				B18AD8132A1BFC6500AF9FF4 /* ProductDelegate.swift */,
			);
			path = ShopSubscription;
			sourceTree = "<group>";
		};
		B18AD7DC2A16310100AF9FF4 /* Controller */ = {
			isa = PBXGroup;
			children = (
				B18AD7D82A1614D800AF9FF4 /* ProductsViewController.swift */,
				B18AD7E12A17F26100AF9FF4 /* SubscriptionViewController.swift */,
				B18AD80D2A1BCB7000AF9FF4 /* CartViewController.swift */,
			);
			path = Controller;
			sourceTree = "<group>";
		};
		B18AD7DD2A16311200AF9FF4 /* View */ = {
			isa = PBXGroup;
			children = (
				B18AD7C22A15F99900AF9FF4 /* Main.storyboard */,
				B18AD7D52A160BAC00AF9FF4 /* ProductViewCell.xib */,
				B18AD7D42A160BAC00AF9FF4 /* ProductViewCell.swift */,
				B18AD7E62A17F2C600AF9FF4 /* CartItemViewCell.xib */,
				B18AD7E52A17F2C600AF9FF4 /* CartItemViewCell.swift */,
			);
			path = View;
			sourceTree = "<group>";
		};
		B18AD7DE2A16312300AF9FF4 /* Model */ = {
			isa = PBXGroup;
			children = (
				B18AD7DA2A16307F00AF9FF4 /* Product.swift */,
			);
			path = Model;
			sourceTree = "<group>";
		};
/* End PBXGroup section */

/* Begin PBXNativeTarget section */
		B18AD7B82A15F99900AF9FF4 /* ShopSubscription */ = {
			isa = PBXNativeTarget;
			buildConfigurationList = B18AD7CD2A15F99B00AF9FF4 /* Build configuration list for PBXNativeTarget "ShopSubscription" */;
			buildPhases = (
				B18AD7B52A15F99900AF9FF4 /* Sources */,
				B18AD7B62A15F99900AF9FF4 /* Frameworks */,
				B18AD7B72A15F99900AF9FF4 /* Resources */,
			);
			buildRules = (
			);
			dependencies = (
			);
			name = ShopSubscription;
			productName = ShopSubscription;
			productReference = B18AD7B92A15F99900AF9FF4 /* ShopSubscription.app */;
			productType = "com.apple.product-type.application";
		};
/* End PBXNativeTarget section */

/* Begin PBXProject section */
		B18AD7B12A15F99900AF9FF4 /* Project object */ = {
			isa = PBXProject;
			attributes = {
				BuildIndependentTargetsInParallel = 1;
				LastSwiftUpdateCheck = 1430;
				LastUpgradeCheck = 1430;
				TargetAttributes = {
					B18AD7B82A15F99900AF9FF4 = {
						CreatedOnToolsVersion = 14.3;
					};
				};
			};
			buildConfigurationList = B18AD7B42A15F99900AF9FF4 /* Build configuration list for PBXProject "ShopSubscription" */;
			compatibilityVersion = "Xcode 14.0";
			developmentRegion = en;
			hasScannedForEncodings = 0;
			knownRegions = (
				en,
				Base,
			);
			mainGroup = B18AD7B02A15F99800AF9FF4;
			productRefGroup = B18AD7BA2A15F99900AF9FF4 /* Products */;
			projectDirPath = "";
			projectRoot = "";
			targets = (
				B18AD7B82A15F99900AF9FF4 /* ShopSubscription */,
			);
		};
/* End PBXProject section */

/* Begin PBXResourcesBuildPhase section */
		B18AD7B72A15F99900AF9FF4 /* Resources */ = {
			isa = PBXResourcesBuildPhase;
			buildActionMask = 2147483647;
			files = (
				B18AD7D72A160BAC00AF9FF4 /* ProductViewCell.xib in Resources */,
				B18AD7C92A15F99B00AF9FF4 /* LaunchScreen.storyboard in Resources */,
				B18AD7E82A17F2C600AF9FF4 /* CartItemViewCell.xib in Resources */,
				B18AD7C62A15F99B00AF9FF4 /* Assets.xcassets in Resources */,
				B18AD7C42A15F99900AF9FF4 /* Main.storyboard in Resources */,
			);
			runOnlyForDeploymentPostprocessing = 0;
		};
/* End PBXResourcesBuildPhase section */

/* Begin PBXSourcesBuildPhase section */
		B18AD7B52A15F99900AF9FF4 /* Sources */ = {
			isa = PBXSourcesBuildPhase;
			buildActionMask = 2147483647;
			files = (
				B18AD8142A1BFC6500AF9FF4 /* ProductDelegate.swift in Sources */,
				B18AD7E22A17F26100AF9FF4 /* SubscriptionViewController.swift in Sources */,
				B18AD7D62A160BAC00AF9FF4 /* ProductViewCell.swift in Sources */,
				B18AD8102A1BDB3500AF9FF4 /* ProductCellDelegate.swift in Sources */,
				B18AD8122A1BF7CD00AF9FF4 /* CartItemCellDelegate.swift in Sources */,
				B18AD7E72A17F2C600AF9FF4 /* CartItemViewCell.swift in Sources */,
				B18AD7BD2A15F99900AF9FF4 /* AppDelegate.swift in Sources */,
				B18AD80E2A1BCB7000AF9FF4 /* CartViewController.swift in Sources */,
				B18AD7DB2A16307F00AF9FF4 /* Product.swift in Sources */,
				B18AD7D92A1614D800AF9FF4 /* ProductsViewController.swift in Sources */,
				B18AD7BF2A15F99900AF9FF4 /* SceneDelegate.swift in Sources */,
			);
			runOnlyForDeploymentPostprocessing = 0;
		};
/* End PBXSourcesBuildPhase section */

/* Begin PBXVariantGroup section */
		B18AD7C22A15F99900AF9FF4 /* Main.storyboard */ = {
			isa = PBXVariantGroup;
			children = (
				B18AD7C32A15F99900AF9FF4 /* Base */,
			);
			name = Main.storyboard;
			sourceTree = "<group>";
		};
		B18AD7C72A15F99B00AF9FF4 /* LaunchScreen.storyboard */ = {
			isa = PBXVariantGroup;
			children = (
				B18AD7C82A15F99B00AF9FF4 /* Base */,
			);
			name = LaunchScreen.storyboard;
			sourceTree = "<group>";
		};
/* End PBXVariantGroup section */

/* Begin XCBuildConfiguration section */
		B18AD7CB2A15F99B00AF9FF4 /* Debug */ = {
			isa = XCBuildConfiguration;
			buildSettings = {
				ALWAYS_SEARCH_USER_PATHS = NO;
				CLANG_ANALYZER_NONNULL = YES;
				CLANG_ANALYZER_NUMBER_OBJECT_CONVERSION = YES_AGGRESSIVE;
				CLANG_CXX_LANGUAGE_STANDARD = "gnu++20";
				CLANG_ENABLE_MODULES = YES;
				CLANG_ENABLE_OBJC_ARC = YES;
				CLANG_ENABLE_OBJC_WEAK = YES;
				CLANG_WARN_BLOCK_CAPTURE_AUTORELEASING = YES;
				CLANG_WARN_BOOL_CONVERSION = YES;
				CLANG_WARN_COMMA = YES;
				CLANG_WARN_CONSTANT_CONVERSION = YES;
				CLANG_WARN_DEPRECATED_OBJC_IMPLEMENTATIONS = YES;
				CLANG_WARN_DIRECT_OBJC_ISA_USAGE = YES_ERROR;
				CLANG_WARN_DOCUMENTATION_COMMENTS = YES;
				CLANG_WARN_EMPTY_BODY = YES;
				CLANG_WARN_ENUM_CONVERSION = YES;
				CLANG_WARN_INFINITE_RECURSION = YES;
				CLANG_WARN_INT_CONVERSION = YES;
				CLANG_WARN_NON_LITERAL_NULL_CONVERSION = YES;
				CLANG_WARN_OBJC_IMPLICIT_RETAIN_SELF = YES;
				CLANG_WARN_OBJC_LITERAL_CONVERSION = YES;
				CLANG_WARN_OBJC_ROOT_CLASS = YES_ERROR;
				CLANG_WARN_QUOTED_INCLUDE_IN_FRAMEWORK_HEADER = YES;
				CLANG_WARN_RANGE_LOOP_ANALYSIS = YES;
				CLANG_WARN_STRICT_PROTOTYPES = YES;
				CLANG_WARN_SUSPICIOUS_MOVE = YES;
				CLANG_WARN_UNGUARDED_AVAILABILITY = YES_AGGRESSIVE;
				CLANG_WARN_UNREACHABLE_CODE = YES;
				CLANG_WARN__DUPLICATE_METHOD_MATCH = YES;
				COPY_PHASE_STRIP = NO;
				DEBUG_INFORMATION_FORMAT = dwarf;
				ENABLE_STRICT_OBJC_MSGSEND = YES;
				ENABLE_TESTABILITY = YES;
				GCC_C_LANGUAGE_STANDARD = gnu11;
				GCC_DYNAMIC_NO_PIC = NO;
				GCC_NO_COMMON_BLOCKS = YES;
				GCC_OPTIMIZATION_LEVEL = 0;
				GCC_PREPROCESSOR_DEFINITIONS = (
					"DEBUG=1",
					"$(inherited)",
				);
				GCC_WARN_64_TO_32_BIT_CONVERSION = YES;
				GCC_WARN_ABOUT_RETURN_TYPE = YES_ERROR;
				GCC_WARN_UNDECLARED_SELECTOR = YES;
				GCC_WARN_UNINITIALIZED_AUTOS = YES_AGGRESSIVE;
				GCC_WARN_UNUSED_FUNCTION = YES;
				GCC_WARN_UNUSED_VARIABLE = YES;
				IPHONEOS_DEPLOYMENT_TARGET = 16.4;
				MTL_ENABLE_DEBUG_INFO = INCLUDE_SOURCE;
				MTL_FAST_MATH = YES;
				ONLY_ACTIVE_ARCH = YES;
				SDKROOT = iphoneos;
				SWIFT_ACTIVE_COMPILATION_CONDITIONS = DEBUG;
				SWIFT_OPTIMIZATION_LEVEL = "-Onone";
			};
			name = Debug;
		};
		B18AD7CC2A15F99B00AF9FF4 /* Release */ = {
			isa = XCBuildConfiguration;
			buildSettings = {
				ALWAYS_SEARCH_USER_PATHS = NO;
				CLANG_ANALYZER_NONNULL = YES;
				CLANG_ANALYZER_NUMBER_OBJECT_CONVERSION = YES_AGGRESSIVE;
				CLANG_CXX_LANGUAGE_STANDARD = "gnu++20";
				CLANG_ENABLE_MODULES = YES;
				CLANG_ENABLE_OBJC_ARC = YES;
				CLANG_ENABLE_OBJC_WEAK = YES;
				CLANG_WARN_BLOCK_CAPTURE_AUTORELEASING = YES;
				CLANG_WARN_BOOL_CONVERSION = YES;
				CLANG_WARN_COMMA = YES;
				CLANG_WARN_CONSTANT_CONVERSION = YES;
				CLANG_WARN_DEPRECATED_OBJC_IMPLEMENTATIONS = YES;
				CLANG_WARN_DIRECT_OBJC_ISA_USAGE = YES_ERROR;
				CLANG_WARN_DOCUMENTATION_COMMENTS = YES;
				CLANG_WARN_EMPTY_BODY = YES;
				CLANG_WARN_ENUM_CONVERSION = YES;
				CLANG_WARN_INFINITE_RECURSION = YES;
				CLANG_WARN_INT_CONVERSION = YES;
				CLANG_WARN_NON_LITERAL_NULL_CONVERSION = YES;
				CLANG_WARN_OBJC_IMPLICIT_RETAIN_SELF = YES;
				CLANG_WARN_OBJC_LITERAL_CONVERSION = YES;
				CLANG_WARN_OBJC_ROOT_CLASS = YES_ERROR;
				CLANG_WARN_QUOTED_INCLUDE_IN_FRAMEWORK_HEADER = YES;
				CLANG_WARN_RANGE_LOOP_ANALYSIS = YES;
				CLANG_WARN_STRICT_PROTOTYPES = YES;
				CLANG_WARN_SUSPICIOUS_MOVE = YES;
				CLANG_WARN_UNGUARDED_AVAILABILITY = YES_AGGRESSIVE;
				CLANG_WARN_UNREACHABLE_CODE = YES;
				CLANG_WARN__DUPLICATE_METHOD_MATCH = YES;
				COPY_PHASE_STRIP = NO;
				DEBUG_INFORMATION_FORMAT = "dwarf-with-dsym";
				ENABLE_NS_ASSERTIONS = NO;
				ENABLE_STRICT_OBJC_MSGSEND = YES;
				GCC_C_LANGUAGE_STANDARD = gnu11;
				GCC_NO_COMMON_BLOCKS = YES;
				GCC_WARN_64_TO_32_BIT_CONVERSION = YES;
				GCC_WARN_ABOUT_RETURN_TYPE = YES_ERROR;
				GCC_WARN_UNDECLARED_SELECTOR = YES;
				GCC_WARN_UNINITIALIZED_AUTOS = YES_AGGRESSIVE;
				GCC_WARN_UNUSED_FUNCTION = YES;
				GCC_WARN_UNUSED_VARIABLE = YES;
				IPHONEOS_DEPLOYMENT_TARGET = 16.4;
				MTL_ENABLE_DEBUG_INFO = NO;
				MTL_FAST_MATH = YES;
				SDKROOT = iphoneos;
				SWIFT_COMPILATION_MODE = wholemodule;
				SWIFT_OPTIMIZATION_LEVEL = "-O";
				VALIDATE_PRODUCT = YES;
			};
			name = Release;
		};
		B18AD7CE2A15F99B00AF9FF4 /* Debug */ = {
			isa = XCBuildConfiguration;
			buildSettings = {
				ASSETCATALOG_COMPILER_APPICON_NAME = AppIcon;
				ASSETCATALOG_COMPILER_GLOBAL_ACCENT_COLOR_NAME = AccentColor;
				CODE_SIGN_STYLE = Automatic;
				CURRENT_PROJECT_VERSION = 1;
				GENERATE_INFOPLIST_FILE = YES;
				INFOPLIST_FILE = ShopSubscription/Info.plist;
				INFOPLIST_KEY_UIApplicationSupportsIndirectInputEvents = YES;
				INFOPLIST_KEY_UILaunchStoryboardName = LaunchScreen;
				INFOPLIST_KEY_UIMainStoryboardFile = Main;
				INFOPLIST_KEY_UISupportedInterfaceOrientations_iPad = "UIInterfaceOrientationPortrait UIInterfaceOrientationPortraitUpsideDown UIInterfaceOrientationLandscapeLeft UIInterfaceOrientationLandscapeRight";
				INFOPLIST_KEY_UISupportedInterfaceOrientations_iPhone = "UIInterfaceOrientationPortrait UIInterfaceOrientationLandscapeLeft UIInterfaceOrientationLandscapeRight";
				LD_RUNPATH_SEARCH_PATHS = (
					"$(inherited)",
					"@executable_path/Frameworks",
				);
				MARKETING_VERSION = 1.0;
				PRODUCT_BUNDLE_IDENTIFIER = gmail.lunya.ShopSubscription;
				PRODUCT_NAME = "$(TARGET_NAME)";
				SWIFT_EMIT_LOC_STRINGS = YES;
				SWIFT_VERSION = 5.0;
				TARGETED_DEVICE_FAMILY = "1,2";
			};
			name = Debug;
		};
		B18AD7CF2A15F99B00AF9FF4 /* Release */ = {
			isa = XCBuildConfiguration;
			buildSettings = {
				ASSETCATALOG_COMPILER_APPICON_NAME = AppIcon;
				ASSETCATALOG_COMPILER_GLOBAL_ACCENT_COLOR_NAME = AccentColor;
				CODE_SIGN_STYLE = Automatic;
				CURRENT_PROJECT_VERSION = 1;
				GENERATE_INFOPLIST_FILE = YES;
				INFOPLIST_FILE = ShopSubscription/Info.plist;
				INFOPLIST_KEY_UIApplicationSupportsIndirectInputEvents = YES;
				INFOPLIST_KEY_UILaunchStoryboardName = LaunchScreen;
				INFOPLIST_KEY_UIMainStoryboardFile = Main;
				INFOPLIST_KEY_UISupportedInterfaceOrientations_iPad = "UIInterfaceOrientationPortrait UIInterfaceOrientationPortraitUpsideDown UIInterfaceOrientationLandscapeLeft UIInterfaceOrientationLandscapeRight";
				INFOPLIST_KEY_UISupportedInterfaceOrientations_iPhone = "UIInterfaceOrientationPortrait UIInterfaceOrientationLandscapeLeft UIInterfaceOrientationLandscapeRight";
				LD_RUNPATH_SEARCH_PATHS = (
					"$(inherited)",
					"@executable_path/Frameworks",
				);
				MARKETING_VERSION = 1.0;
				PRODUCT_BUNDLE_IDENTIFIER = gmail.lunya.ShopSubscription;
				PRODUCT_NAME = "$(TARGET_NAME)";
				SWIFT_EMIT_LOC_STRINGS = YES;
				SWIFT_VERSION = 5.0;
				TARGETED_DEVICE_FAMILY = "1,2";
			};
			name = Release;
		};
/* End XCBuildConfiguration section */

/* Begin XCConfigurationList section */
		B18AD7B42A15F99900AF9FF4 /* Build configuration list for PBXProject "ShopSubscription" */ = {
			isa = XCConfigurationList;
			buildConfigurations = (
				B18AD7CB2A15F99B00AF9FF4 /* Debug */,
				B18AD7CC2A15F99B00AF9FF4 /* Release */,
			);
			defaultConfigurationIsVisible = 0;
			defaultConfigurationName = Release;
		};
		B18AD7CD2A15F99B00AF9FF4 /* Build configuration list for PBXNativeTarget "ShopSubscription" */ = {
			isa = XCConfigurationList;
			buildConfigurations = (
				B18AD7CE2A15F99B00AF9FF4 /* Debug */,
				B18AD7CF2A15F99B00AF9FF4 /* Release */,
			);
			defaultConfigurationIsVisible = 0;
			defaultConfigurationName = Release;
		};
/* End XCConfigurationList section */
	};
	rootObject = B18AD7B12A15F99900AF9FF4 /* Project object */;
}
